// !$*UTF8*$!
{
	archiveVersion = 1;
	classes = {
	};
	objectVersion = 56;
	objects = {

/* Begin PBXBuildFile section */
		60D879932A66D1E5002C241B /* AppDelegate.swift in Sources */ = {isa = PBXBuildFile; fileRef = 60D879922A66D1E5002C241B /* AppDelegate.swift */; };
		60D879952A66D1E5002C241B /* SceneDelegate.swift in Sources */ = {isa = PBXBuildFile; fileRef = 60D879942A66D1E5002C241B /* SceneDelegate.swift */; };
		60D8799A2A66D1E5002C241B /* Main.storyboard in Resources */ = {isa = PBXBuildFile; fileRef = 60D879982A66D1E5002C241B /* Main.storyboard */; };
		60D8799C2A66D1E6002C241B /* Assets.xcassets in Resources */ = {isa = PBXBuildFile; fileRef = 60D8799B2A66D1E6002C241B /* Assets.xcassets */; };
		60D8799F2A66D1E6002C241B /* LaunchScreen.storyboard in Resources */ = {isa = PBXBuildFile; fileRef = 60D8799D2A66D1E6002C241B /* LaunchScreen.storyboard */; };
		60D879AA2A66D932002C241B /* ReminderTableViewController.swift in Sources */ = {isa = PBXBuildFile; fileRef = 60D879A92A66D932002C241B /* ReminderTableViewController.swift */; };
		60D879AD2A66D945002C241B /* ReminderTableViewCell.swift in Sources */ = {isa = PBXBuildFile; fileRef = 60D879AC2A66D945002C241B /* ReminderTableViewCell.swift */; };
		60D879B52A66DA93002C241B /* AddReminderTableViewController.swift in Sources */ = {isa = PBXBuildFile; fileRef = 60D879B42A66DA93002C241B /* AddReminderTableViewController.swift */; };
/* End PBXBuildFile section */

/* Begin PBXFileReference section */
		60D8798F2A66D1E5002C241B /* Reminder.app */ = {isa = PBXFileReference; explicitFileType = wrapper.application; includeInIndex = 0; path = Reminder.app; sourceTree = BUILT_PRODUCTS_DIR; };
		60D879922A66D1E5002C241B /* AppDelegate.swift */ = {isa = PBXFileReference; lastKnownFileType = sourcecode.swift; path = AppDelegate.swift; sourceTree = "<group>"; };
		60D879942A66D1E5002C241B /* SceneDelegate.swift */ = {isa = PBXFileReference; lastKnownFileType = sourcecode.swift; path = SceneDelegate.swift; sourceTree = "<group>"; };
		60D879992A66D1E5002C241B /* Base */ = {isa = PBXFileReference; lastKnownFileType = file.storyboard; name = Base; path = Base.lproj/Main.storyboard; sourceTree = "<group>"; };
		60D8799B2A66D1E6002C241B /* Assets.xcassets */ = {isa = PBXFileReference; lastKnownFileType = folder.assetcatalog; path = Assets.xcassets; sourceTree = "<group>"; };
		60D8799E2A66D1E6002C241B /* Base */ = {isa = PBXFileReference; lastKnownFileType = file.storyboard; name = Base; path = Base.lproj/LaunchScreen.storyboard; sourceTree = "<group>"; };
		60D879A02A66D1E6002C241B /* Info.plist */ = {isa = PBXFileReference; lastKnownFileType = text.plist.xml; path = Info.plist; sourceTree = "<group>"; };
		60D879A92A66D932002C241B /* ReminderTableViewController.swift */ = {isa = PBXFileReference; lastKnownFileType = sourcecode.swift; path = ReminderTableViewController.swift; sourceTree = "<group>"; };
		60D879AC2A66D945002C241B /* ReminderTableViewCell.swift */ = {isa = PBXFileReference; lastKnownFileType = sourcecode.swift; path = ReminderTableViewCell.swift; sourceTree = "<group>"; };
		60D879B42A66DA93002C241B /* AddReminderTableViewController.swift */ = {isa = PBXFileReference; lastKnownFileType = sourcecode.swift; path = AddReminderTableViewController.swift; sourceTree = "<group>"; };
/* End PBXFileReference section */

/* Begin PBXFrameworksBuildPhase section */
		60D8798C2A66D1E5002C241B /* Frameworks */ = {
			isa = PBXFrameworksBuildPhase;
			buildActionMask = 2147483647;
			files = (
			);
			runOnlyForDeploymentPostprocessing = 0;
		};
/* End PBXFrameworksBuildPhase section */

/* Begin PBXGroup section */
		60D879862A66D1E5002C241B = {
			isa = PBXGroup;
			children = (
				60D879912A66D1E5002C241B /* Reminder */,
				60D879902A66D1E5002C241B /* Products */,
			);
			sourceTree = "<group>";
		};
		60D879902A66D1E5002C241B /* Products */ = {
			isa = PBXGroup;
			children = (
				60D8798F2A66D1E5002C241B /* Reminder.app */,
			);
			name = Products;
			sourceTree = "<group>";
		};
		60D879912A66D1E5002C241B /* Reminder */ = {
			isa = PBXGroup;
			children = (
				60D879A72A66D2C2002C241B /* Scene */,
				60D879A62A66D2B3002C241B /* Sources */,
				60D879982A66D1E5002C241B /* Main.storyboard */,
				60D8799D2A66D1E6002C241B /* LaunchScreen.storyboard */,
				60D879A02A66D1E6002C241B /* Info.plist */,
			);
			path = Reminder;
			sourceTree = "<group>";
		};
		60D879A62A66D2B3002C241B /* Sources */ = {
			isa = PBXGroup;
			children = (
				60D8799B2A66D1E6002C241B /* Assets.xcassets */,
				60D879922A66D1E5002C241B /* AppDelegate.swift */,
				60D879942A66D1E5002C241B /* SceneDelegate.swift */,
			);
			path = Sources;
			sourceTree = "<group>";
		};
		60D879A72A66D2C2002C241B /* Scene */ = {
			isa = PBXGroup;
			children = (
				60D879AE2A66DA47002C241B /* AddReminder */,
				60D879A82A66D91B002C241B /* Reminder */,
			);
			path = Scene;
			sourceTree = "<group>";
		};
		60D879A82A66D91B002C241B /* Reminder */ = {
			isa = PBXGroup;
			children = (
				60D879B22A66DA6F002C241B /* Controller */,
				60D879AB2A66D938002C241B /* View */,
			);
			path = Reminder;
			sourceTree = "<group>";
		};
		60D879AB2A66D938002C241B /* View */ = {
			isa = PBXGroup;
			children = (
				60D879AC2A66D945002C241B /* ReminderTableViewCell.swift */,
			);
			path = View;
			sourceTree = "<group>";
		};
		60D879AE2A66DA47002C241B /* AddReminder */ = {
			isa = PBXGroup;
			children = (
				60D879B32A66DA77002C241B /* Controller */,
			);
			path = AddReminder;
			sourceTree = "<group>";
		};
		60D879B22A66DA6F002C241B /* Controller */ = {
			isa = PBXGroup;
			children = (
				60D879A92A66D932002C241B /* ReminderTableViewController.swift */,
			);
			path = Controller;
			sourceTree = "<group>";
		};
		60D879B32A66DA77002C241B /* Controller */ = {
			isa = PBXGroup;
			children = (
				60D879B42A66DA93002C241B /* AddReminderTableViewController.swift */,
			);
			path = Controller;
			sourceTree = "<group>";
		};
/* End PBXGroup section */

/* Begin PBXNativeTarget section */
		60D8798E2A66D1E5002C241B /* Reminder */ = {
			isa = PBXNativeTarget;
			buildConfigurationList = 60D879A32A66D1E6002C241B /* Build configuration list for PBXNativeTarget "Reminder" */;
			buildPhases = (
				60D8798B2A66D1E5002C241B /* Sources */,
				60D8798C2A66D1E5002C241B /* Frameworks */,
				60D8798D2A66D1E5002C241B /* Resources */,
			);
			buildRules = (
			);
			dependencies = (
			);
			name = Reminder;
			productName = Reminder;
			productReference = 60D8798F2A66D1E5002C241B /* Reminder.app */;
			productType = "com.apple.product-type.application";
		};
/* End PBXNativeTarget section */

/* Begin PBXProject section */
		60D879872A66D1E5002C241B /* Project object */ = {
			isa = PBXProject;
			attributes = {
				BuildIndependentTargetsInParallel = 1;
				LastSwiftUpdateCheck = 1430;
				LastUpgradeCheck = 1430;
				TargetAttributes = {
					60D8798E2A66D1E5002C241B = {
						CreatedOnToolsVersion = 14.3;
					};
				};
			};
			buildConfigurationList = 60D8798A2A66D1E5002C241B /* Build configuration list for PBXProject "Reminder" */;
			compatibilityVersion = "Xcode 14.0";
			developmentRegion = en;
			hasScannedForEncodings = 0;
			knownRegions = (
				en,
				Base,
			);
			mainGroup = 60D879862A66D1E5002C241B;
			productRefGroup = 60D879902A66D1E5002C241B /* Products */;
			projectDirPath = "";
			projectRoot = "";
			targets = (
				60D8798E2A66D1E5002C241B /* Reminder */,
			);
		};
/* End PBXProject section */

/* Begin PBXResourcesBuildPhase section */
		60D8798D2A66D1E5002C241B /* Resources */ = {
			isa = PBXResourcesBuildPhase;
			buildActionMask = 2147483647;
			files = (
				60D8799F2A66D1E6002C241B /* LaunchScreen.storyboard in Resources */,
				60D8799C2A66D1E6002C241B /* Assets.xcassets in Resources */,
				60D8799A2A66D1E5002C241B /* Main.storyboard in Resources */,
			);
			runOnlyForDeploymentPostprocessing = 0;
		};
/* End PBXResourcesBuildPhase section */

/* Begin PBXSourcesBuildPhase section */
		60D8798B2A66D1E5002C241B /* Sources */ = {
			isa = PBXSourcesBuildPhase;
			buildActionMask = 2147483647;
			files = (
				60D879B52A66DA93002C241B /* AddReminderTableViewController.swift in Sources */,
				60D879932A66D1E5002C241B /* AppDelegate.swift in Sources */,
				60D879952A66D1E5002C241B /* SceneDelegate.swift in Sources */,
				60D879AA2A66D932002C241B /* ReminderTableViewController.swift in Sources */,
				60D879AD2A66D945002C241B /* ReminderTableViewCell.swift in Sources */,
			);
			runOnlyForDeploymentPostprocessing = 0;
		};
/* End PBXSourcesBuildPhase section */

/* Begin PBXVariantGroup section */
		60D879982A66D1E5002C241B /* Main.storyboard */ = {
			isa = PBXVariantGroup;
			children = (
				60D879992A66D1E5002C241B /* Base */,
			);
			name = Main.storyboard;
			sourceTree = "<group>";
		};
		60D8799D2A66D1E6002C241B /* LaunchScreen.storyboard */ = {
			isa = PBXVariantGroup;
			children = (
				60D8799E2A66D1E6002C241B /* Base */,
			);
			name = LaunchScreen.storyboard;
			sourceTree = "<group>";
		};
/* End PBXVariantGroup section */

/* Begin XCBuildConfiguration section */
		60D879A12A66D1E6002C241B /* Debug */ = {
			isa = XCBuildConfiguration;
			buildSettings = {
				ALWAYS_SEARCH_USER_PATHS = NO;
				CLANG_ANALYZER_NONNULL = YES;
				CLANG_ANALYZER_NUMBER_OBJECT_CONVERSION = YES_AGGRESSIVE;
				CLANG_CXX_LANGUAGE_STANDARD = "gnu++20";
				CLANG_ENABLE_MODULES = YES;
				CLANG_ENABLE_OBJC_ARC = YES;
				CLANG_ENABLE_OBJC_WEAK = YES;
				CLANG_WARN_BLOCK_CAPTURE_AUTORELEASING = YES;
				CLANG_WARN_BOOL_CONVERSION = YES;
				CLANG_WARN_COMMA = YES;
				CLANG_WARN_CONSTANT_CONVERSION = YES;
				CLANG_WARN_DEPRECATED_OBJC_IMPLEMENTATIONS = YES;
				CLANG_WARN_DIRECT_OBJC_ISA_USAGE = YES_ERROR;
				CLANG_WARN_DOCUMENTATION_COMMENTS = YES;
				CLANG_WARN_EMPTY_BODY = YES;
				CLANG_WARN_ENUM_CONVERSION = YES;
				CLANG_WARN_INFINITE_RECURSION = YES;
				CLANG_WARN_INT_CONVERSION = YES;
				CLANG_WARN_NON_LITERAL_NULL_CONVERSION = YES;
				CLANG_WARN_OBJC_IMPLICIT_RETAIN_SELF = YES;
				CLANG_WARN_OBJC_LITERAL_CONVERSION = YES;
				CLANG_WARN_OBJC_ROOT_CLASS = YES_ERROR;
				CLANG_WARN_QUOTED_INCLUDE_IN_FRAMEWORK_HEADER = YES;
				CLANG_WARN_RANGE_LOOP_ANALYSIS = YES;
				CLANG_WARN_STRICT_PROTOTYPES = YES;
				CLANG_WARN_SUSPICIOUS_MOVE = YES;
				CLANG_WARN_UNGUARDED_AVAILABILITY = YES_AGGRESSIVE;
				CLANG_WARN_UNREACHABLE_CODE = YES;
				CLANG_WARN__DUPLICATE_METHOD_MATCH = YES;
				COPY_PHASE_STRIP = NO;
				DEBUG_INFORMATION_FORMAT = dwarf;
				ENABLE_STRICT_OBJC_MSGSEND = YES;
				ENABLE_TESTABILITY = YES;
				GCC_C_LANGUAGE_STANDARD = gnu11;
				GCC_DYNAMIC_NO_PIC = NO;
				GCC_NO_COMMON_BLOCKS = YES;
				GCC_OPTIMIZATION_LEVEL = 0;
				GCC_PREPROCESSOR_DEFINITIONS = (
					"DEBUG=1",
					"$(inherited)",
				);
				GCC_WARN_64_TO_32_BIT_CONVERSION = YES;
				GCC_WARN_ABOUT_RETURN_TYPE = YES_ERROR;
				GCC_WARN_UNDECLARED_SELECTOR = YES;
				GCC_WARN_UNINITIALIZED_AUTOS = YES_AGGRESSIVE;
				GCC_WARN_UNUSED_FUNCTION = YES;
				GCC_WARN_UNUSED_VARIABLE = YES;
				IPHONEOS_DEPLOYMENT_TARGET = 16.4;
				MTL_ENABLE_DEBUG_INFO = INCLUDE_SOURCE;
				MTL_FAST_MATH = YES;
				ONLY_ACTIVE_ARCH = YES;
				SDKROOT = iphoneos;
				SWIFT_ACTIVE_COMPILATION_CONDITIONS = DEBUG;
				SWIFT_OPTIMIZATION_LEVEL = "-Onone";
			};
			name = Debug;
		};
		60D879A22A66D1E6002C241B /* Release */ = {
			isa = XCBuildConfiguration;
			buildSettings = {
				ALWAYS_SEARCH_USER_PATHS = NO;
				CLANG_ANALYZER_NONNULL = YES;
				CLANG_ANALYZER_NUMBER_OBJECT_CONVERSION = YES_AGGRESSIVE;
				CLANG_CXX_LANGUAGE_STANDARD = "gnu++20";
				CLANG_ENABLE_MODULES = YES;
				CLANG_ENABLE_OBJC_ARC = YES;
				CLANG_ENABLE_OBJC_WEAK = YES;
				CLANG_WARN_BLOCK_CAPTURE_AUTORELEASING = YES;
				CLANG_WARN_BOOL_CONVERSION = YES;
				CLANG_WARN_COMMA = YES;
				CLANG_WARN_CONSTANT_CONVERSION = YES;
				CLANG_WARN_DEPRECATED_OBJC_IMPLEMENTATIONS = YES;
				CLANG_WARN_DIRECT_OBJC_ISA_USAGE = YES_ERROR;
				CLANG_WARN_DOCUMENTATION_COMMENTS = YES;
				CLANG_WARN_EMPTY_BODY = YES;
				CLANG_WARN_ENUM_CONVERSION = YES;
				CLANG_WARN_INFINITE_RECURSION = YES;
				CLANG_WARN_INT_CONVERSION = YES;
				CLANG_WARN_NON_LITERAL_NULL_CONVERSION = YES;
				CLANG_WARN_OBJC_IMPLICIT_RETAIN_SELF = YES;
				CLANG_WARN_OBJC_LITERAL_CONVERSION = YES;
				CLANG_WARN_OBJC_ROOT_CLASS = YES_ERROR;
				CLANG_WARN_QUOTED_INCLUDE_IN_FRAMEWORK_HEADER = YES;
				CLANG_WARN_RANGE_LOOP_ANALYSIS = YES;
				CLANG_WARN_STRICT_PROTOTYPES = YES;
				CLANG_WARN_SUSPICIOUS_MOVE = YES;
				CLANG_WARN_UNGUARDED_AVAILABILITY = YES_AGGRESSIVE;
				CLANG_WARN_UNREACHABLE_CODE = YES;
				CLANG_WARN__DUPLICATE_METHOD_MATCH = YES;
				COPY_PHASE_STRIP = NO;
				DEBUG_INFORMATION_FORMAT = "dwarf-with-dsym";
				ENABLE_NS_ASSERTIONS = NO;
				ENABLE_STRICT_OBJC_MSGSEND = YES;
				GCC_C_LANGUAGE_STANDARD = gnu11;
				GCC_NO_COMMON_BLOCKS = YES;
				GCC_WARN_64_TO_32_BIT_CONVERSION = YES;
				GCC_WARN_ABOUT_RETURN_TYPE = YES_ERROR;
				GCC_WARN_UNDECLARED_SELECTOR = YES;
				GCC_WARN_UNINITIALIZED_AUTOS = YES_AGGRESSIVE;
				GCC_WARN_UNUSED_FUNCTION = YES;
				GCC_WARN_UNUSED_VARIABLE = YES;
				IPHONEOS_DEPLOYMENT_TARGET = 16.4;
				MTL_ENABLE_DEBUG_INFO = NO;
				MTL_FAST_MATH = YES;
				SDKROOT = iphoneos;
				SWIFT_COMPILATION_MODE = wholemodule;
				SWIFT_OPTIMIZATION_LEVEL = "-O";
				VALIDATE_PRODUCT = YES;
			};
			name = Release;
		};
		60D879A42A66D1E6002C241B /* Debug */ = {
			isa = XCBuildConfiguration;
			buildSettings = {
				ASSETCATALOG_COMPILER_APPICON_NAME = AppIcon;
				ASSETCATALOG_COMPILER_GLOBAL_ACCENT_COLOR_NAME = AccentColor;
				CODE_SIGN_STYLE = Automatic;
				CURRENT_PROJECT_VERSION = 1;
				DEVELOPMENT_TEAM = WL3K4A7DH8;
				GENERATE_INFOPLIST_FILE = YES;
				INFOPLIST_FILE = Reminder/Info.plist;
				INFOPLIST_KEY_UIApplicationSupportsIndirectInputEvents = YES;
				INFOPLIST_KEY_UILaunchStoryboardName = LaunchScreen;
				INFOPLIST_KEY_UIMainStoryboardFile = Main;
				INFOPLIST_KEY_UISupportedInterfaceOrientations_iPad = "UIInterfaceOrientationPortrait UIInterfaceOrientationPortraitUpsideDown UIInterfaceOrientationLandscapeLeft UIInterfaceOrientationLandscapeRight";
				INFOPLIST_KEY_UISupportedInterfaceOrientations_iPhone = "UIInterfaceOrientationPortrait UIInterfaceOrientationLandscapeLeft UIInterfaceOrientationLandscapeRight";
				IPHONEOS_DEPLOYMENT_TARGET = 15.0;
				LD_RUNPATH_SEARCH_PATHS = (
					"$(inherited)",
					"@executable_path/Frameworks",
				);
				MARKETING_VERSION = 1.0;
				PRODUCT_BUNDLE_IDENTIFIER = com.barisdilekci.Reminder;
				PRODUCT_NAME = "$(TARGET_NAME)";
				SWIFT_EMIT_LOC_STRINGS = YES;
				SWIFT_VERSION = 5.0;
				TARGETED_DEVICE_FAMILY = "1,2";
			};
			name = Debug;
		};
		60D879A52A66D1E6002C241B /* Release */ = {
			isa = XCBuildConfiguration;
			buildSettings = {
				ASSETCATALOG_COMPILER_APPICON_NAME = AppIcon;
				ASSETCATALOG_COMPILER_GLOBAL_ACCENT_COLOR_NAME = AccentColor;
				CODE_SIGN_STYLE = Automatic;
				CURRENT_PROJECT_VERSION = 1;
				DEVELOPMENT_TEAM = WL3K4A7DH8;
				GENERATE_INFOPLIST_FILE = YES;
				INFOPLIST_FILE = Reminder/Info.plist;
				INFOPLIST_KEY_UIApplicationSupportsIndirectInputEvents = YES;
				INFOPLIST_KEY_UILaunchStoryboardName = LaunchScreen;
				INFOPLIST_KEY_UIMainStoryboardFile = Main;
				INFOPLIST_KEY_UISupportedInterfaceOrientations_iPad = "UIInterfaceOrientationPortrait UIInterfaceOrientationPortraitUpsideDown UIInterfaceOrientationLandscapeLeft UIInterfaceOrientationLandscapeRight";
				INFOPLIST_KEY_UISupportedInterfaceOrientations_iPhone = "UIInterfaceOrientationPortrait UIInterfaceOrientationLandscapeLeft UIInterfaceOrientationLandscapeRight";
				IPHONEOS_DEPLOYMENT_TARGET = 15.0;
				LD_RUNPATH_SEARCH_PATHS = (
					"$(inherited)",
					"@executable_path/Frameworks",
				);
				MARKETING_VERSION = 1.0;
				PRODUCT_BUNDLE_IDENTIFIER = com.barisdilekci.Reminder;
				PRODUCT_NAME = "$(TARGET_NAME)";
				SWIFT_EMIT_LOC_STRINGS = YES;
				SWIFT_VERSION = 5.0;
				TARGETED_DEVICE_FAMILY = "1,2";
			};
			name = Release;
		};
/* End XCBuildConfiguration section */

/* Begin XCConfigurationList section */
		60D8798A2A66D1E5002C241B /* Build configuration list for PBXProject "Reminder" */ = {
			isa = XCConfigurationList;
			buildConfigurations = (
				60D879A12A66D1E6002C241B /* Debug */,
				60D879A22A66D1E6002C241B /* Release */,
			);
			defaultConfigurationIsVisible = 0;
			defaultConfigurationName = Release;
		};
		60D879A32A66D1E6002C241B /* Build configuration list for PBXNativeTarget "Reminder" */ = {
			isa = XCConfigurationList;
			buildConfigurations = (
				60D879A42A66D1E6002C241B /* Debug */,
				60D879A52A66D1E6002C241B /* Release */,
			);
			defaultConfigurationIsVisible = 0;
			defaultConfigurationName = Release;
		};
/* End XCConfigurationList section */
	};
	rootObject = 60D879872A66D1E5002C241B /* Project object */;
}
